
Microsoft Visual Studio Solution File, Format Version 12.00
# Visual Studio Version 17
VisualStudioVersion = 17.6.33815.320
MinimumVisualStudioVersion = 10.0.40219.1
Project("{FAE04EC0-301F-11D3-BF4B-00C04F79EFBC}") = "SobreCargaFer01.Consola", "SobreCargaFer01.Consola\SobreCargaFer01.Consola.csproj", "{89D0E1B7-83B2-4FAB-A6EF-39DAD3B973EF}"
EndProject
Project("{FAE04EC0-301F-11D3-BF4B-00C04F79EFBC}") = "SobreCargaFer01.Entidades", "SobreCargaFer01.Entidades\SobreCargaFer01.Entidades.csproj", "{9A5140CE-00C7-454F-80FE-49C41BDA4B1D}"
EndProject
Global
	GlobalSection(SolutionConfigurationPlatforms) = preSolution
		Debug|Any CPU = Debug|Any CPU
		Release|Any CPU = Release|Any CPU
	EndGlobalSection
	GlobalSection(ProjectConfigurationPlatforms) = postSolution
		{89D0E1B7-83B2-4FAB-A6EF-39DAD3B973EF}.Debug|Any CPU.ActiveCfg = Debug|Any CPU
		{89D0E1B7-83B2-4FAB-A6EF-39DAD3B973EF}.Debug|Any CPU.Build.0 = Debug|Any CPU
		{89D0E1B7-83B2-4FAB-A6EF-39DAD3B973EF}.Release|Any CPU.ActiveCfg = Release|Any CPU
		{89D0E1B7-83B2-4FAB-A6EF-39DAD3B973EF}.Release|Any CPU.Build.0 = Release|Any CPU
		{9A5140CE-00C7-454F-80FE-49C41BDA4B1D}.Debug|Any CPU.ActiveCfg = Debug|Any CPU
		{9A5140CE-00C7-454F-80FE-49C41BDA4B1D}.Debug|Any CPU.Build.0 = Debug|Any CPU
		{9A5140CE-00C7-454F-80FE-49C41BDA4B1D}.Release|Any CPU.ActiveCfg = Release|Any CPU
		{9A5140CE-00C7-454F-80FE-49C41BDA4B1D}.Release|Any CPU.Build.0 = Release|Any CPU
	EndGlobalSection
	GlobalSection(SolutionProperties) = preSolution
		HideSolutionNode = FALSE
	EndGlobalSection
	GlobalSection(ExtensibilityGlobals) = postSolution
		SolutionGuid = {A5AE7245-941C-4079-9DA1-F5751800F099}
	EndGlobalSection
EndGlobal
